
Microsoft Visual Studio Solution File, Format Version 12.00
# Visual Studio Version 17
VisualStudioVersion = 17.6.33513.286
MinimumVisualStudioVersion = 10.0.40219.1
Project("{FAE04EC0-301F-11D3-BF4B-00C04F79EFBC}") = "WebApplication1", "WebApplication1.csproj", "{976B6324-3D52-4CB5-986C-ED5103D526F8}"
EndProject
Global
	GlobalSection(SolutionConfigurationPlatforms) = preSolution
		Debug|Any CPU = Debug|Any CPU
		Release|Any CPU = Release|Any CPU
	EndGlobalSection
	GlobalSection(ProjectConfigurationPlatforms) = postSolution
		{976B6324-3D52-4CB5-986C-ED5103D526F8}.Debug|Any CPU.ActiveCfg = Debug|Any CPU
		{976B6324-3D52-4CB5-986C-ED5103D526F8}.Debug|Any CPU.Build.0 = Debug|Any CPU
		{976B6324-3D52-4CB5-986C-ED5103D526F8}.Release|Any CPU.ActiveCfg = Release|Any CPU
		{976B6324-3D52-4CB5-986C-ED5103D526F8}.Release|Any CPU.Build.0 = Release|Any CPU
	EndGlobalSection
	GlobalSection(SolutionProperties) = preSolution
		HideSolutionNode = FALSE
	EndGlobalSection
	GlobalSection(ExtensibilityGlobals) = postSolution
		SolutionGuid = {544B1C44-6C96-474E-BE55-272EF3D1D536}
	EndGlobalSection
EndGlobal
